
Microsoft Visual Studio Solution File, Format Version 12.00
# Visual Studio 15
VisualStudioVersion = 15.0.26730.16
MinimumVisualStudioVersion = 10.0.40219.1
Project("{9A19103F-16F7-4668-BE54-9A1E7A4F7556}") = "Logo.Web", "Logo.Web\Logo.Web.csproj", "{36BA7EA8-79F3-4AFF-A061-44C115E3DAA6}"
EndProject
Project("{9A19103F-16F7-4668-BE54-9A1E7A4F7556}") = "Logo.Tests", "Logo.Tests\Logo.Tests.csproj", "{CFE5BC47-C3AF-4C4D-B6DC-6BC05D01386C}"
EndProject
Project("{9A19103F-16F7-4668-BE54-9A1E7A4F7556}") = "Logo.Contracts", "Logo.Contracts\Logo.Contracts.csproj", "{BE8193E2-B91D-4A42-95B2-422E61873E6B}"
EndProject
Project("{9A19103F-16F7-4668-BE54-9A1E7A4F7556}") = "Logo.Implementation", "Logo.Implementation\Logo.Implementation.csproj", "{4489B84B-AB76-411A-890E-ECCB11ED2BB2}"
EndProject
Global
	GlobalSection(SolutionConfigurationPlatforms) = preSolution
		Debug|Any CPU = Debug|Any CPU
		Release|Any CPU = Release|Any CPU
	EndGlobalSection
	GlobalSection(ProjectConfigurationPlatforms) = postSolution
		{36BA7EA8-79F3-4AFF-A061-44C115E3DAA6}.Debug|Any CPU.ActiveCfg = Debug|Any CPU
		{36BA7EA8-79F3-4AFF-A061-44C115E3DAA6}.Debug|Any CPU.Build.0 = Debug|Any CPU
		{36BA7EA8-79F3-4AFF-A061-44C115E3DAA6}.Release|Any CPU.ActiveCfg = Release|Any CPU
		{36BA7EA8-79F3-4AFF-A061-44C115E3DAA6}.Release|Any CPU.Build.0 = Release|Any CPU
		{CFE5BC47-C3AF-4C4D-B6DC-6BC05D01386C}.Debug|Any CPU.ActiveCfg = Debug|Any CPU
		{CFE5BC47-C3AF-4C4D-B6DC-6BC05D01386C}.Debug|Any CPU.Build.0 = Debug|Any CPU
		{CFE5BC47-C3AF-4C4D-B6DC-6BC05D01386C}.Release|Any CPU.ActiveCfg = Release|Any CPU
		{CFE5BC47-C3AF-4C4D-B6DC-6BC05D01386C}.Release|Any CPU.Build.0 = Release|Any CPU
		{BE8193E2-B91D-4A42-95B2-422E61873E6B}.Debug|Any CPU.ActiveCfg = Debug|Any CPU
		{BE8193E2-B91D-4A42-95B2-422E61873E6B}.Debug|Any CPU.Build.0 = Debug|Any CPU
		{BE8193E2-B91D-4A42-95B2-422E61873E6B}.Release|Any CPU.ActiveCfg = Release|Any CPU
		{BE8193E2-B91D-4A42-95B2-422E61873E6B}.Release|Any CPU.Build.0 = Release|Any CPU
		{4489B84B-AB76-411A-890E-ECCB11ED2BB2}.Debug|Any CPU.ActiveCfg = Debug|Any CPU
		{4489B84B-AB76-411A-890E-ECCB11ED2BB2}.Debug|Any CPU.Build.0 = Debug|Any CPU
		{4489B84B-AB76-411A-890E-ECCB11ED2BB2}.Release|Any CPU.ActiveCfg = Release|Any CPU
		{4489B84B-AB76-411A-890E-ECCB11ED2BB2}.Release|Any CPU.Build.0 = Release|Any CPU
	EndGlobalSection
	GlobalSection(SolutionProperties) = preSolution
		HideSolutionNode = FALSE
	EndGlobalSection
	GlobalSection(ExtensibilityGlobals) = postSolution
		SolutionGuid = {D9C1AD39-20D0-431E-A7A4-190E720E73EA}
	EndGlobalSection
EndGlobal
